
Microsoft Visual Studio Solution File, Format Version 12.00
# Visual Studio Version 17
VisualStudioVersion = 17.7.34031.279
MinimumVisualStudioVersion = 10.0.40219.1
Project("{2150E333-8FDC-42A3-9474-1A3956D46DE8}") = "Core", "Core", "{02C73F95-7FB3-4537-9DAA-A860D9473109}"
EndProject
Project("{9A19103F-16F7-4668-BE54-9A1E7A4F7556}") = "BusinessLogic", "Core\BusinessLogic\BusinessLogic.csproj", "{C56CE2EC-BC01-4F49-BCB6-6D9823974CB1}"
EndProject
Project("{9A19103F-16F7-4668-BE54-9A1E7A4F7556}") = "Models", "Core\Models\Models.csproj", "{937BD173-9FD8-428A-A508-8CBB68E70EA9}"
EndProject
Project("{2150E333-8FDC-42A3-9474-1A3956D46DE8}") = "Test-Project", "Test-Project", "{4A872392-1468-4BA9-9F80-7DA3644C0107}"
EndProject
Project("{9A19103F-16F7-4668-BE54-9A1E7A4F7556}") = "TestProject.Restfull.Booker", "Test-Project\TestProject.Restfull.Booker\TestProject.Restfull.Booker.csproj", "{A5B98912-2C3E-4A7E-84D7-F6AB79280C0A}"
EndProject
Project("{FAE04EC0-301F-11D3-BF4B-00C04F79EFBC}") = "TestProject.APK.Booking", "Test-Project\TestProject.APK.Booking\TestProject.APK.Booking.csproj", "{1835BD71-5A22-4302-867C-47C2D6E1E1BD}"
EndProject
Global
	GlobalSection(SolutionConfigurationPlatforms) = preSolution
		Debug|Any CPU = Debug|Any CPU
		Release|Any CPU = Release|Any CPU
	EndGlobalSection
	GlobalSection(ProjectConfigurationPlatforms) = postSolution
		{C56CE2EC-BC01-4F49-BCB6-6D9823974CB1}.Debug|Any CPU.ActiveCfg = Debug|Any CPU
		{C56CE2EC-BC01-4F49-BCB6-6D9823974CB1}.Debug|Any CPU.Build.0 = Debug|Any CPU
		{C56CE2EC-BC01-4F49-BCB6-6D9823974CB1}.Release|Any CPU.ActiveCfg = Release|Any CPU
		{C56CE2EC-BC01-4F49-BCB6-6D9823974CB1}.Release|Any CPU.Build.0 = Release|Any CPU
		{937BD173-9FD8-428A-A508-8CBB68E70EA9}.Debug|Any CPU.ActiveCfg = Debug|Any CPU
		{937BD173-9FD8-428A-A508-8CBB68E70EA9}.Debug|Any CPU.Build.0 = Debug|Any CPU
		{937BD173-9FD8-428A-A508-8CBB68E70EA9}.Release|Any CPU.ActiveCfg = Release|Any CPU
		{937BD173-9FD8-428A-A508-8CBB68E70EA9}.Release|Any CPU.Build.0 = Release|Any CPU
		{A5B98912-2C3E-4A7E-84D7-F6AB79280C0A}.Debug|Any CPU.ActiveCfg = Debug|Any CPU
		{A5B98912-2C3E-4A7E-84D7-F6AB79280C0A}.Debug|Any CPU.Build.0 = Debug|Any CPU
		{A5B98912-2C3E-4A7E-84D7-F6AB79280C0A}.Release|Any CPU.ActiveCfg = Release|Any CPU
		{A5B98912-2C3E-4A7E-84D7-F6AB79280C0A}.Release|Any CPU.Build.0 = Release|Any CPU
		{1835BD71-5A22-4302-867C-47C2D6E1E1BD}.Debug|Any CPU.ActiveCfg = Debug|Any CPU
		{1835BD71-5A22-4302-867C-47C2D6E1E1BD}.Debug|Any CPU.Build.0 = Debug|Any CPU
		{1835BD71-5A22-4302-867C-47C2D6E1E1BD}.Release|Any CPU.ActiveCfg = Release|Any CPU
		{1835BD71-5A22-4302-867C-47C2D6E1E1BD}.Release|Any CPU.Build.0 = Release|Any CPU
	EndGlobalSection
	GlobalSection(SolutionProperties) = preSolution
		HideSolutionNode = FALSE
	EndGlobalSection
	GlobalSection(NestedProjects) = preSolution
		{C56CE2EC-BC01-4F49-BCB6-6D9823974CB1} = {02C73F95-7FB3-4537-9DAA-A860D9473109}
		{937BD173-9FD8-428A-A508-8CBB68E70EA9} = {02C73F95-7FB3-4537-9DAA-A860D9473109}
		{A5B98912-2C3E-4A7E-84D7-F6AB79280C0A} = {4A872392-1468-4BA9-9F80-7DA3644C0107}
		{1835BD71-5A22-4302-867C-47C2D6E1E1BD} = {4A872392-1468-4BA9-9F80-7DA3644C0107}
	EndGlobalSection
	GlobalSection(ExtensibilityGlobals) = postSolution
		SolutionGuid = {0350231E-18E1-4AEC-9964-38B2D053FAC2}
	EndGlobalSection
EndGlobal
